
Microsoft Visual Studio Solution File, Format Version 12.00
# Visual Studio 15
VisualStudioVersion = 15.0.26403.7
MinimumVisualStudioVersion = 10.0.40219.1
Project("{FAE04EC0-301F-11D3-BF4B-00C04F79EFBC}") = "Grades", "Grades\Grades.csproj", "{F65A24A6-A8D8-4738-A877-345BA8B0CD9B}"
EndProject
Project("{FAE04EC0-301F-11D3-BF4B-00C04F79EFBC}") = "Grades.Tests", "Grades.Tests\Grades.Tests.csproj", "{809EE087-5265-4CF5-A58D-2045D9C5F1B2}"
EndProject
Global
	GlobalSection(SolutionConfigurationPlatforms) = preSolution
		Debug|Any CPU = Debug|Any CPU
		Release|Any CPU = Release|Any CPU
	EndGlobalSection
	GlobalSection(ProjectConfigurationPlatforms) = postSolution
		{F65A24A6-A8D8-4738-A877-345BA8B0CD9B}.Debug|Any CPU.ActiveCfg = Debug|Any CPU
		{F65A24A6-A8D8-4738-A877-345BA8B0CD9B}.Debug|Any CPU.Build.0 = Debug|Any CPU
		{F65A24A6-A8D8-4738-A877-345BA8B0CD9B}.Release|Any CPU.ActiveCfg = Release|Any CPU
		{F65A24A6-A8D8-4738-A877-345BA8B0CD9B}.Release|Any CPU.Build.0 = Release|Any CPU
		{809EE087-5265-4CF5-A58D-2045D9C5F1B2}.Debug|Any CPU.ActiveCfg = Debug|Any CPU
		{809EE087-5265-4CF5-A58D-2045D9C5F1B2}.Debug|Any CPU.Build.0 = Debug|Any CPU
		{809EE087-5265-4CF5-A58D-2045D9C5F1B2}.Release|Any CPU.ActiveCfg = Release|Any CPU
		{809EE087-5265-4CF5-A58D-2045D9C5F1B2}.Release|Any CPU.Build.0 = Release|Any CPU
	EndGlobalSection
	GlobalSection(SolutionProperties) = preSolution
		HideSolutionNode = FALSE
	EndGlobalSection
EndGlobal
